// !$*UTF8*$!
{
	archiveVersion = 1;
	classes = {
	};
	objectVersion = 46;
	objects = {

/* Begin PBXBuildFile section */
		712CCCBD1E9AC7A500852CC5 /* AppDelegate.swift in Sources */ = {isa = PBXBuildFile; fileRef = 712CCCBC1E9AC7A500852CC5 /* AppDelegate.swift */; };
		712CCCBF1E9AC7A500852CC5 /* ViewController.swift in Sources */ = {isa = PBXBuildFile; fileRef = 712CCCBE1E9AC7A500852CC5 /* ViewController.swift */; };
		712CCCC21E9AC7A500852CC5 /* Main.storyboard in Resources */ = {isa = PBXBuildFile; fileRef = 712CCCC01E9AC7A500852CC5 /* Main.storyboard */; };
		712CCCC51E9AC7A500852CC5 /* Open_Library.xcdatamodeld in Sources */ = {isa = PBXBuildFile; fileRef = 712CCCC31E9AC7A500852CC5 /* Open_Library.xcdatamodeld */; };
		712CCCC71E9AC7A500852CC5 /* Assets.xcassets in Resources */ = {isa = PBXBuildFile; fileRef = 712CCCC61E9AC7A500852CC5 /* Assets.xcassets */; };
		712CCCCA1E9AC7A500852CC5 /* LaunchScreen.storyboard in Resources */ = {isa = PBXBuildFile; fileRef = 712CCCC81E9AC7A500852CC5 /* LaunchScreen.storyboard */; };
		712CCCD51E9AC7A500852CC5 /* Open_LibraryTests.swift in Sources */ = {isa = PBXBuildFile; fileRef = 712CCCD41E9AC7A500852CC5 /* Open_LibraryTests.swift */; };
/* End PBXBuildFile section */

/* Begin PBXContainerItemProxy section */
		712CCCD11E9AC7A500852CC5 /* PBXContainerItemProxy */ = {
			isa = PBXContainerItemProxy;
			containerPortal = 712CCCB11E9AC7A500852CC5 /* Project object */;
			proxyType = 1;
			remoteGlobalIDString = 712CCCB81E9AC7A500852CC5;
			remoteInfo = "Open Library";
		};
/* End PBXContainerItemProxy section */

/* Begin PBXFileReference section */
		712CCCB91E9AC7A500852CC5 /* Open Library.app */ = {isa = PBXFileReference; explicitFileType = wrapper.application; includeInIndex = 0; path = "Open Library.app"; sourceTree = BUILT_PRODUCTS_DIR; };
		712CCCBC1E9AC7A500852CC5 /* AppDelegate.swift */ = {isa = PBXFileReference; lastKnownFileType = sourcecode.swift; path = AppDelegate.swift; sourceTree = "<group>"; };
		712CCCBE1E9AC7A500852CC5 /* ViewController.swift */ = {isa = PBXFileReference; lastKnownFileType = sourcecode.swift; path = ViewController.swift; sourceTree = "<group>"; };
		712CCCC11E9AC7A500852CC5 /* Base */ = {isa = PBXFileReference; lastKnownFileType = file.storyboard; name = Base; path = Base.lproj/Main.storyboard; sourceTree = "<group>"; };
		712CCCC41E9AC7A500852CC5 /* Open_Library.xcdatamodel */ = {isa = PBXFileReference; lastKnownFileType = wrapper.xcdatamodel; path = Open_Library.xcdatamodel; sourceTree = "<group>"; };
		712CCCC61E9AC7A500852CC5 /* Assets.xcassets */ = {isa = PBXFileReference; lastKnownFileType = folder.assetcatalog; path = Assets.xcassets; sourceTree = "<group>"; };
		712CCCC91E9AC7A500852CC5 /* Base */ = {isa = PBXFileReference; lastKnownFileType = file.storyboard; name = Base; path = Base.lproj/LaunchScreen.storyboard; sourceTree = "<group>"; };
		712CCCCB1E9AC7A500852CC5 /* Info.plist */ = {isa = PBXFileReference; lastKnownFileType = text.plist.xml; path = Info.plist; sourceTree = "<group>"; };
		712CCCD01E9AC7A500852CC5 /* Open LibraryTests.xctest */ = {isa = PBXFileReference; explicitFileType = wrapper.cfbundle; includeInIndex = 0; path = "Open LibraryTests.xctest"; sourceTree = BUILT_PRODUCTS_DIR; };
		712CCCD41E9AC7A500852CC5 /* Open_LibraryTests.swift */ = {isa = PBXFileReference; lastKnownFileType = sourcecode.swift; path = Open_LibraryTests.swift; sourceTree = "<group>"; };
		712CCCD61E9AC7A500852CC5 /* Info.plist */ = {isa = PBXFileReference; lastKnownFileType = text.plist.xml; path = Info.plist; sourceTree = "<group>"; };
/* End PBXFileReference section */

/* Begin PBXFrameworksBuildPhase section */
		712CCCB61E9AC7A500852CC5 /* Frameworks */ = {
			isa = PBXFrameworksBuildPhase;
			buildActionMask = 2147483647;
			files = (
			);
			runOnlyForDeploymentPostprocessing = 0;
		};
		712CCCCD1E9AC7A500852CC5 /* Frameworks */ = {
			isa = PBXFrameworksBuildPhase;
			buildActionMask = 2147483647;
			files = (
			);
			runOnlyForDeploymentPostprocessing = 0;
		};
/* End PBXFrameworksBuildPhase section */

/* Begin PBXGroup section */
		712CCCB01E9AC7A500852CC5 = {
			isa = PBXGroup;
			children = (
				712CCCBB1E9AC7A500852CC5 /* Open Library */,
				712CCCD31E9AC7A500852CC5 /* Open LibraryTests */,
				712CCCBA1E9AC7A500852CC5 /* Products */,
			);
			sourceTree = "<group>";
		};
		712CCCBA1E9AC7A500852CC5 /* Products */ = {
			isa = PBXGroup;
			children = (
				712CCCB91E9AC7A500852CC5 /* Open Library.app */,
				712CCCD01E9AC7A500852CC5 /* Open LibraryTests.xctest */,
			);
			name = Products;
			sourceTree = "<group>";
		};
		712CCCBB1E9AC7A500852CC5 /* Open Library */ = {
			isa = PBXGroup;
			children = (
				712CCCBC1E9AC7A500852CC5 /* AppDelegate.swift */,
				712CCCBE1E9AC7A500852CC5 /* ViewController.swift */,
				712CCCC01E9AC7A500852CC5 /* Main.storyboard */,
				712CCCC61E9AC7A500852CC5 /* Assets.xcassets */,
				712CCCC81E9AC7A500852CC5 /* LaunchScreen.storyboard */,
				712CCCCB1E9AC7A500852CC5 /* Info.plist */,
				712CCCC31E9AC7A500852CC5 /* Open_Library.xcdatamodeld */,
			);
			path = "Open Library";
			sourceTree = "<group>";
		};
		712CCCD31E9AC7A500852CC5 /* Open LibraryTests */ = {
			isa = PBXGroup;
			children = (
				712CCCD41E9AC7A500852CC5 /* Open_LibraryTests.swift */,
				712CCCD61E9AC7A500852CC5 /* Info.plist */,
			);
			path = "Open LibraryTests";
			sourceTree = "<group>";
		};
/* End PBXGroup section */

/* Begin PBXNativeTarget section */
		712CCCB81E9AC7A500852CC5 /* Open Library */ = {
			isa = PBXNativeTarget;
			buildConfigurationList = 712CCCD91E9AC7A500852CC5 /* Build configuration list for PBXNativeTarget "Open Library" */;
			buildPhases = (
				712CCCB51E9AC7A500852CC5 /* Sources */,
				712CCCB61E9AC7A500852CC5 /* Frameworks */,
				712CCCB71E9AC7A500852CC5 /* Resources */,
			);
			buildRules = (
			);
			dependencies = (
			);
			name = "Open Library";
			productName = "Open Library";
			productReference = 712CCCB91E9AC7A500852CC5 /* Open Library.app */;
			productType = "com.apple.product-type.application";
		};
		712CCCCF1E9AC7A500852CC5 /* Open LibraryTests */ = {
			isa = PBXNativeTarget;
			buildConfigurationList = 712CCCDC1E9AC7A500852CC5 /* Build configuration list for PBXNativeTarget "Open LibraryTests" */;
			buildPhases = (
				712CCCCC1E9AC7A500852CC5 /* Sources */,
				712CCCCD1E9AC7A500852CC5 /* Frameworks */,
				712CCCCE1E9AC7A500852CC5 /* Resources */,
			);
			buildRules = (
			);
			dependencies = (
				712CCCD21E9AC7A500852CC5 /* PBXTargetDependency */,
			);
			name = "Open LibraryTests";
			productName = "Open LibraryTests";
			productReference = 712CCCD01E9AC7A500852CC5 /* Open LibraryTests.xctest */;
			productType = "com.apple.product-type.bundle.unit-test";
		};
/* End PBXNativeTarget section */

/* Begin PBXProject section */
		712CCCB11E9AC7A500852CC5 /* Project object */ = {
			isa = PBXProject;
			attributes = {
				LastSwiftUpdateCheck = 0830;
				LastUpgradeCheck = 0830;
				ORGANIZATIONNAME = Alejandro;
				TargetAttributes = {
					712CCCB81E9AC7A500852CC5 = {
						CreatedOnToolsVersion = 8.3;
						DevelopmentTeam = XYQR9G9T5T;
						ProvisioningStyle = Automatic;
					};
					712CCCCF1E9AC7A500852CC5 = {
						CreatedOnToolsVersion = 8.3;
						DevelopmentTeam = XYQR9G9T5T;
						ProvisioningStyle = Automatic;
						TestTargetID = 712CCCB81E9AC7A500852CC5;
					};
				};
			};
			buildConfigurationList = 712CCCB41E9AC7A500852CC5 /* Build configuration list for PBXProject "Open Library" */;
			compatibilityVersion = "Xcode 3.2";
			developmentRegion = English;
			hasScannedForEncodings = 0;
			knownRegions = (
				en,
				Base,
			);
			mainGroup = 712CCCB01E9AC7A500852CC5;
			productRefGroup = 712CCCBA1E9AC7A500852CC5 /* Products */;
			projectDirPath = "";
			projectRoot = "";
			targets = (
				712CCCB81E9AC7A500852CC5 /* Open Library */,
				712CCCCF1E9AC7A500852CC5 /* Open LibraryTests */,
			);
		};
/* End PBXProject section */

/* Begin PBXResourcesBuildPhase section */
		712CCCB71E9AC7A500852CC5 /* Resources */ = {
			isa = PBXResourcesBuildPhase;
			buildActionMask = 2147483647;
			files = (
				712CCCCA1E9AC7A500852CC5 /* LaunchScreen.storyboard in Resources */,
				712CCCC71E9AC7A500852CC5 /* Assets.xcassets in Resources */,
				712CCCC21E9AC7A500852CC5 /* Main.storyboard in Resources */,
			);
			runOnlyForDeploymentPostprocessing = 0;
		};
		712CCCCE1E9AC7A500852CC5 /* Resources */ = {
			isa = PBXResourcesBuildPhase;
			buildActionMask = 2147483647;
			files = (
			);
			runOnlyForDeploymentPostprocessing = 0;
		};
/* End PBXResourcesBuildPhase section */

/* Begin PBXSourcesBuildPhase section */
		712CCCB51E9AC7A500852CC5 /* Sources */ = {
			isa = PBXSourcesBuildPhase;
			buildActionMask = 2147483647;
			files = (
				712CCCBF1E9AC7A500852CC5 /* ViewController.swift in Sources */,
				712CCCBD1E9AC7A500852CC5 /* AppDelegate.swift in Sources */,
				712CCCC51E9AC7A500852CC5 /* Open_Library.xcdatamodeld in Sources */,
			);
			runOnlyForDeploymentPostprocessing = 0;
		};
		712CCCCC1E9AC7A500852CC5 /* Sources */ = {
			isa = PBXSourcesBuildPhase;
			buildActionMask = 2147483647;
			files = (
				712CCCD51E9AC7A500852CC5 /* Open_LibraryTests.swift in Sources */,
			);
			runOnlyForDeploymentPostprocessing = 0;
		};
/* End PBXSourcesBuildPhase section */

/* Begin PBXTargetDependency section */
		712CCCD21E9AC7A500852CC5 /* PBXTargetDependency */ = {
			isa = PBXTargetDependency;
			target = 712CCCB81E9AC7A500852CC5 /* Open Library */;
			targetProxy = 712CCCD11E9AC7A500852CC5 /* PBXContainerItemProxy */;
		};
/* End PBXTargetDependency section */

/* Begin PBXVariantGroup section */
		712CCCC01E9AC7A500852CC5 /* Main.storyboard */ = {
			isa = PBXVariantGroup;
			children = (
				712CCCC11E9AC7A500852CC5 /* Base */,
			);
			name = Main.storyboard;
			sourceTree = "<group>";
		};
		712CCCC81E9AC7A500852CC5 /* LaunchScreen.storyboard */ = {
			isa = PBXVariantGroup;
			children = (
				712CCCC91E9AC7A500852CC5 /* Base */,
			);
			name = LaunchScreen.storyboard;
			sourceTree = "<group>";
		};
/* End PBXVariantGroup section */

/* Begin XCBuildConfiguration section */
		712CCCD71E9AC7A500852CC5 /* Debug */ = {
			isa = XCBuildConfiguration;
			buildSettings = {
				ALWAYS_SEARCH_USER_PATHS = NO;
				CLANG_ANALYZER_NONNULL = YES;
				CLANG_ANALYZER_NUMBER_OBJECT_CONVERSION = YES_AGGRESSIVE;
				CLANG_CXX_LANGUAGE_STANDARD = "gnu++0x";
				CLANG_CXX_LIBRARY = "libc++";
				CLANG_ENABLE_MODULES = YES;
				CLANG_ENABLE_OBJC_ARC = YES;
				CLANG_WARN_BOOL_CONVERSION = YES;
				CLANG_WARN_CONSTANT_CONVERSION = YES;
				CLANG_WARN_DIRECT_OBJC_ISA_USAGE = YES_ERROR;
				CLANG_WARN_DOCUMENTATION_COMMENTS = YES;
				CLANG_WARN_EMPTY_BODY = YES;
				CLANG_WARN_ENUM_CONVERSION = YES;
				CLANG_WARN_INFINITE_RECURSION = YES;
				CLANG_WARN_INT_CONVERSION = YES;
				CLANG_WARN_OBJC_ROOT_CLASS = YES_ERROR;
				CLANG_WARN_SUSPICIOUS_MOVE = YES;
				CLANG_WARN_UNREACHABLE_CODE = YES;
				CLANG_WARN__DUPLICATE_METHOD_MATCH = YES;
				"CODE_SIGN_IDENTITY[sdk=iphoneos*]" = "iPhone Developer";
				COPY_PHASE_STRIP = NO;
				DEBUG_INFORMATION_FORMAT = dwarf;
				ENABLE_STRICT_OBJC_MSGSEND = YES;
				ENABLE_TESTABILITY = YES;
				GCC_C_LANGUAGE_STANDARD = gnu99;
				GCC_DYNAMIC_NO_PIC = NO;
				GCC_NO_COMMON_BLOCKS = YES;
				GCC_OPTIMIZATION_LEVEL = 0;
				GCC_PREPROCESSOR_DEFINITIONS = (
					"DEBUG=1",
					"$(inherited)",
				);
				GCC_WARN_64_TO_32_BIT_CONVERSION = YES;
				GCC_WARN_ABOUT_RETURN_TYPE = YES_ERROR;
				GCC_WARN_UNDECLARED_SELECTOR = YES;
				GCC_WARN_UNINITIALIZED_AUTOS = YES_AGGRESSIVE;
				GCC_WARN_UNUSED_FUNCTION = YES;
				GCC_WARN_UNUSED_VARIABLE = YES;
				IPHONEOS_DEPLOYMENT_TARGET = 10.3;
				MTL_ENABLE_DEBUG_INFO = YES;
				ONLY_ACTIVE_ARCH = YES;
				SDKROOT = iphoneos;
				SWIFT_ACTIVE_COMPILATION_CONDITIONS = DEBUG;
				SWIFT_OPTIMIZATION_LEVEL = "-Onone";
			};
			name = Debug;
		};
		712CCCD81E9AC7A500852CC5 /* Release */ = {
			isa = XCBuildConfiguration;
			buildSettings = {
				ALWAYS_SEARCH_USER_PATHS = NO;
				CLANG_ANALYZER_NONNULL = YES;
				CLANG_ANALYZER_NUMBER_OBJECT_CONVERSION = YES_AGGRESSIVE;
				CLANG_CXX_LANGUAGE_STANDARD = "gnu++0x";
				CLANG_CXX_LIBRARY = "libc++";
				CLANG_ENABLE_MODULES = YES;
				CLANG_ENABLE_OBJC_ARC = YES;
				CLANG_WARN_BOOL_CONVERSION = YES;
				CLANG_WARN_CONSTANT_CONVERSION = YES;
				CLANG_WARN_DIRECT_OBJC_ISA_USAGE = YES_ERROR;
				CLANG_WARN_DOCUMENTATION_COMMENTS = YES;
				CLANG_WARN_EMPTY_BODY = YES;
				CLANG_WARN_ENUM_CONVERSION = YES;
				CLANG_WARN_INFINITE_RECURSION = YES;
				CLANG_WARN_INT_CONVERSION = YES;
				CLANG_WARN_OBJC_ROOT_CLASS = YES_ERROR;
				CLANG_WARN_SUSPICIOUS_MOVE = YES;
				CLANG_WARN_UNREACHABLE_CODE = YES;
				CLANG_WARN__DUPLICATE_METHOD_MATCH = YES;
				"CODE_SIGN_IDENTITY[sdk=iphoneos*]" = "iPhone Developer";
				COPY_PHASE_STRIP = NO;
				DEBUG_INFORMATION_FORMAT = "dwarf-with-dsym";
				ENABLE_NS_ASSERTIONS = NO;
				ENABLE_STRICT_OBJC_MSGSEND = YES;
				GCC_C_LANGUAGE_STANDARD = gnu99;
				GCC_NO_COMMON_BLOCKS = YES;
				GCC_WARN_64_TO_32_BIT_CONVERSION = YES;
				GCC_WARN_ABOUT_RETURN_TYPE = YES_ERROR;
				GCC_WARN_UNDECLARED_SELECTOR = YES;
				GCC_WARN_UNINITIALIZED_AUTOS = YES_AGGRESSIVE;
				GCC_WARN_UNUSED_FUNCTION = YES;
				GCC_WARN_UNUSED_VARIABLE = YES;
				IPHONEOS_DEPLOYMENT_TARGET = 10.3;
				MTL_ENABLE_DEBUG_INFO = NO;
				SDKROOT = iphoneos;
				SWIFT_OPTIMIZATION_LEVEL = "-Owholemodule";
				VALIDATE_PRODUCT = YES;
			};
			name = Release;
		};
		712CCCDA1E9AC7A500852CC5 /* Debug */ = {
			isa = XCBuildConfiguration;
			buildSettings = {
				ASSETCATALOG_COMPILER_APPICON_NAME = AppIcon;
				DEVELOPMENT_TEAM = XYQR9G9T5T;
				INFOPLIST_FILE = "Open Library/Info.plist";
				LD_RUNPATH_SEARCH_PATHS = "$(inherited) @executable_path/Frameworks";
				PRODUCT_BUNDLE_IDENTIFIER = "com.alexhl09.Open-Library";
				PRODUCT_NAME = "$(TARGET_NAME)";
				SWIFT_VERSION = 3.0;
			};
			name = Debug;
		};
		712CCCDB1E9AC7A500852CC5 /* Release */ = {
			isa = XCBuildConfiguration;
			buildSettings = {
				ASSETCATALOG_COMPILER_APPICON_NAME = AppIcon;
				DEVELOPMENT_TEAM = XYQR9G9T5T;
				INFOPLIST_FILE = "Open Library/Info.plist";
				LD_RUNPATH_SEARCH_PATHS = "$(inherited) @executable_path/Frameworks";
				PRODUCT_BUNDLE_IDENTIFIER = "com.alexhl09.Open-Library";
				PRODUCT_NAME = "$(TARGET_NAME)";
				SWIFT_VERSION = 3.0;
			};
			name = Release;
		};
		712CCCDD1E9AC7A500852CC5 /* Debug */ = {
			isa = XCBuildConfiguration;
			buildSettings = {
				ALWAYS_EMBED_SWIFT_STANDARD_LIBRARIES = YES;
				BUNDLE_LOADER = "$(TEST_HOST)";
				DEVELOPMENT_TEAM = XYQR9G9T5T;
				INFOPLIST_FILE = "Open LibraryTests/Info.plist";
				LD_RUNPATH_SEARCH_PATHS = "$(inherited) @executable_path/Frameworks @loader_path/Frameworks";
				PRODUCT_BUNDLE_IDENTIFIER = "com.alexhl09.Open-LibraryTests";
				PRODUCT_NAME = "$(TARGET_NAME)";
				SWIFT_VERSION = 3.0;
				TEST_HOST = "$(BUILT_PRODUCTS_DIR)/Open Library.app/Open Library";
			};
			name = Debug;
		};
		712CCCDE1E9AC7A500852CC5 /* Release */ = {
			isa = XCBuildConfiguration;
			buildSettings = {
				ALWAYS_EMBED_SWIFT_STANDARD_LIBRARIES = YES;
				BUNDLE_LOADER = "$(TEST_HOST)";
				DEVELOPMENT_TEAM = XYQR9G9T5T;
				INFOPLIST_FILE = "Open LibraryTests/Info.plist";
				LD_RUNPATH_SEARCH_PATHS = "$(inherited) @executable_path/Frameworks @loader_path/Frameworks";
				PRODUCT_BUNDLE_IDENTIFIER = "com.alexhl09.Open-LibraryTests";
				PRODUCT_NAME = "$(TARGET_NAME)";
				SWIFT_VERSION = 3.0;
				TEST_HOST = "$(BUILT_PRODUCTS_DIR)/Open Library.app/Open Library";
			};
			name = Release;
		};
/* End XCBuildConfiguration section */

/* Begin XCConfigurationList section */
		712CCCB41E9AC7A500852CC5 /* Build configuration list for PBXProject "Open Library" */ = {
			isa = XCConfigurationList;
			buildConfigurations = (
				712CCCD71E9AC7A500852CC5 /* Debug */,
				712CCCD81E9AC7A500852CC5 /* Release */,
			);
			defaultConfigurationIsVisible = 0;
			defaultConfigurationName = Release;
		};
		712CCCD91E9AC7A500852CC5 /* Build configuration list for PBXNativeTarget "Open Library" */ = {
			isa = XCConfigurationList;
			buildConfigurations = (
				712CCCDA1E9AC7A500852CC5 /* Debug */,
				712CCCDB1E9AC7A500852CC5 /* Release */,
			);
			defaultConfigurationIsVisible = 0;
		};
		712CCCDC1E9AC7A500852CC5 /* Build configuration list for PBXNativeTarget "Open LibraryTests" */ = {
			isa = XCConfigurationList;
			buildConfigurations = (
				712CCCDD1E9AC7A500852CC5 /* Debug */,
				712CCCDE1E9AC7A500852CC5 /* Release */,
			);
			defaultConfigurationIsVisible = 0;
		};
/* End XCConfigurationList section */

/* Begin XCVersionGroup section */
		712CCCC31E9AC7A500852CC5 /* Open_Library.xcdatamodeld */ = {
			isa = XCVersionGroup;
			children = (
				712CCCC41E9AC7A500852CC5 /* Open_Library.xcdatamodel */,
			);
			currentVersion = 712CCCC41E9AC7A500852CC5 /* Open_Library.xcdatamodel */;
			path = Open_Library.xcdatamodeld;
			sourceTree = "<group>";
			versionGroupType = wrapper.xcdatamodel;
		};
/* End XCVersionGroup section */
	};
	rootObject = 712CCCB11E9AC7A500852CC5 /* Project object */;
}
